
Microsoft Visual Studio Solution File, Format Version 12.00
# Visual Studio Version 17
VisualStudioVersion = 17.2.32616.157
MinimumVisualStudioVersion = 10.0.40219.1
Project("{9A19103F-16F7-4668-BE54-9A1E7A4F7556}") = "BlogProject", "BlogProject\BlogProject.csproj", "{91176E06-9E62-48E8-9280-C203B5F5F5D0}"
EndProject
Project("{9A19103F-16F7-4668-BE54-9A1E7A4F7556}") = "EntityLayer", "EntityLayer\EntityLayer.csproj", "{AEE157EC-52BE-4B8B-84CC-6F5B0841C11F}"
EndProject
Project("{9A19103F-16F7-4668-BE54-9A1E7A4F7556}") = "DataAccessLayer", "DataAccessLayer\DataAccessLayer.csproj", "{31ABCF1E-74C1-4C5E-AE94-BA33C83882B6}"
EndProject
Project("{9A19103F-16F7-4668-BE54-9A1E7A4F7556}") = "BusinessLayer", "BusinessLayer\BusinessLayer.csproj", "{75ED5A36-2158-4257-856F-21A29E3E2877}"
EndProject
Project("{9A19103F-16F7-4668-BE54-9A1E7A4F7556}") = "CoreLayer", "CoreLayer\CoreLayer.csproj", "{03044533-350A-4BD8-831F-5A3E77392AF3}"
EndProject
Project("{9A19103F-16F7-4668-BE54-9A1E7A4F7556}") = "API", "API\API.csproj", "{91F79154-6AD3-453D-8F5E-F14157975E96}"
EndProject
Project("{FAE04EC0-301F-11D3-BF4B-00C04F79EFBC}") = "BlogApiDemo", "BlogApiDemo\BlogApiDemo.csproj", "{6CDE151E-2EEF-4E0F-A7CB-EAFB889025B1}"
EndProject
Global
	GlobalSection(SolutionConfigurationPlatforms) = preSolution
		Debug|Any CPU = Debug|Any CPU
		Release|Any CPU = Release|Any CPU
	EndGlobalSection
	GlobalSection(ProjectConfigurationPlatforms) = postSolution
		{91176E06-9E62-48E8-9280-C203B5F5F5D0}.Debug|Any CPU.ActiveCfg = Debug|Any CPU
		{91176E06-9E62-48E8-9280-C203B5F5F5D0}.Debug|Any CPU.Build.0 = Debug|Any CPU
		{91176E06-9E62-48E8-9280-C203B5F5F5D0}.Release|Any CPU.ActiveCfg = Release|Any CPU
		{91176E06-9E62-48E8-9280-C203B5F5F5D0}.Release|Any CPU.Build.0 = Release|Any CPU
		{AEE157EC-52BE-4B8B-84CC-6F5B0841C11F}.Debug|Any CPU.ActiveCfg = Debug|Any CPU
		{AEE157EC-52BE-4B8B-84CC-6F5B0841C11F}.Debug|Any CPU.Build.0 = Debug|Any CPU
		{AEE157EC-52BE-4B8B-84CC-6F5B0841C11F}.Release|Any CPU.ActiveCfg = Release|Any CPU
		{AEE157EC-52BE-4B8B-84CC-6F5B0841C11F}.Release|Any CPU.Build.0 = Release|Any CPU
		{31ABCF1E-74C1-4C5E-AE94-BA33C83882B6}.Debug|Any CPU.ActiveCfg = Debug|Any CPU
		{31ABCF1E-74C1-4C5E-AE94-BA33C83882B6}.Debug|Any CPU.Build.0 = Debug|Any CPU
		{31ABCF1E-74C1-4C5E-AE94-BA33C83882B6}.Release|Any CPU.ActiveCfg = Release|Any CPU
		{31ABCF1E-74C1-4C5E-AE94-BA33C83882B6}.Release|Any CPU.Build.0 = Release|Any CPU
		{75ED5A36-2158-4257-856F-21A29E3E2877}.Debug|Any CPU.ActiveCfg = Debug|Any CPU
		{75ED5A36-2158-4257-856F-21A29E3E2877}.Debug|Any CPU.Build.0 = Debug|Any CPU
		{75ED5A36-2158-4257-856F-21A29E3E2877}.Release|Any CPU.ActiveCfg = Release|Any CPU
		{75ED5A36-2158-4257-856F-21A29E3E2877}.Release|Any CPU.Build.0 = Release|Any CPU
		{03044533-350A-4BD8-831F-5A3E77392AF3}.Debug|Any CPU.ActiveCfg = Debug|Any CPU
		{03044533-350A-4BD8-831F-5A3E77392AF3}.Debug|Any CPU.Build.0 = Debug|Any CPU
		{03044533-350A-4BD8-831F-5A3E77392AF3}.Release|Any CPU.ActiveCfg = Release|Any CPU
		{03044533-350A-4BD8-831F-5A3E77392AF3}.Release|Any CPU.Build.0 = Release|Any CPU
		{91F79154-6AD3-453D-8F5E-F14157975E96}.Debug|Any CPU.ActiveCfg = Debug|Any CPU
		{91F79154-6AD3-453D-8F5E-F14157975E96}.Debug|Any CPU.Build.0 = Debug|Any CPU
		{91F79154-6AD3-453D-8F5E-F14157975E96}.Release|Any CPU.ActiveCfg = Release|Any CPU
		{91F79154-6AD3-453D-8F5E-F14157975E96}.Release|Any CPU.Build.0 = Release|Any CPU
		{6CDE151E-2EEF-4E0F-A7CB-EAFB889025B1}.Debug|Any CPU.ActiveCfg = Debug|Any CPU
		{6CDE151E-2EEF-4E0F-A7CB-EAFB889025B1}.Debug|Any CPU.Build.0 = Debug|Any CPU
		{6CDE151E-2EEF-4E0F-A7CB-EAFB889025B1}.Release|Any CPU.ActiveCfg = Release|Any CPU
		{6CDE151E-2EEF-4E0F-A7CB-EAFB889025B1}.Release|Any CPU.Build.0 = Release|Any CPU
	EndGlobalSection
	GlobalSection(SolutionProperties) = preSolution
		HideSolutionNode = FALSE
	EndGlobalSection
	GlobalSection(ExtensibilityGlobals) = postSolution
		SolutionGuid = {56C5A251-84B1-4A43-B1A5-CF79DF4094BD}
	EndGlobalSection
EndGlobal
